
Microsoft Visual Studio Solution File, Format Version 12.00
# Visual Studio Version 17
VisualStudioVersion = 17.1.32210.238
MinimumVisualStudioVersion = 10.0.40219.1
Project("{FAE04EC0-301F-11D3-BF4B-00C04F79EFBC}") = "Praktikum Week 7", "Praktikum Week 7\Praktikum Week 7.csproj", "{BF1E4730-FD9F-4373-AA5D-8D1685B8B705}"
EndProject
Global
	GlobalSection(SolutionConfigurationPlatforms) = preSolution
		Debug|Any CPU = Debug|Any CPU
		Release|Any CPU = Release|Any CPU
	EndGlobalSection
	GlobalSection(ProjectConfigurationPlatforms) = postSolution
		{BF1E4730-FD9F-4373-AA5D-8D1685B8B705}.Debug|Any CPU.ActiveCfg = Debug|Any CPU
		{BF1E4730-FD9F-4373-AA5D-8D1685B8B705}.Debug|Any CPU.Build.0 = Debug|Any CPU
		{BF1E4730-FD9F-4373-AA5D-8D1685B8B705}.Release|Any CPU.ActiveCfg = Release|Any CPU
		{BF1E4730-FD9F-4373-AA5D-8D1685B8B705}.Release|Any CPU.Build.0 = Release|Any CPU
	EndGlobalSection
	GlobalSection(SolutionProperties) = preSolution
		HideSolutionNode = FALSE
	EndGlobalSection
	GlobalSection(ExtensibilityGlobals) = postSolution
		SolutionGuid = {F0713707-7B7C-4873-92E8-D91ED3223843}
	EndGlobalSection
EndGlobal
